// !$*UTF8*$!
{
	archiveVersion = 1;
	classes = {
	};
	objectVersion = 46;
	objects = {

/* Begin PBXBuildFile section */
		1E40D3F81AF2D72A0012BFB4 /* AppDelegate.swift in Sources */ = {isa = PBXBuildFile; fileRef = 1E40D3F71AF2D72A0012BFB4 /* AppDelegate.swift */; };
		1E40D3FA1AF2D72A0012BFB4 /* ViewController.swift in Sources */ = {isa = PBXBuildFile; fileRef = 1E40D3F91AF2D72A0012BFB4 /* ViewController.swift */; };
		1E40D3FD1AF2D72A0012BFB4 /* Main.storyboard in Resources */ = {isa = PBXBuildFile; fileRef = 1E40D3FB1AF2D72A0012BFB4 /* Main.storyboard */; };
		1E40D3FF1AF2D72A0012BFB4 /* Images.xcassets in Resources */ = {isa = PBXBuildFile; fileRef = 1E40D3FE1AF2D72A0012BFB4 /* Images.xcassets */; };
		1E40D4021AF2D72A0012BFB4 /* LaunchScreen.xib in Resources */ = {isa = PBXBuildFile; fileRef = 1E40D4001AF2D72A0012BFB4 /* LaunchScreen.xib */; };
		1E40D40E1AF2D72A0012BFB4 /* KeyboardAdjustmentTests.swift in Sources */ = {isa = PBXBuildFile; fileRef = 1E40D40D1AF2D72A0012BFB4 /* KeyboardAdjustmentTests.swift */; };
/* End PBXBuildFile section */

/* Begin PBXContainerItemProxy section */
		1E40D4081AF2D72A0012BFB4 /* PBXContainerItemProxy */ = {
			isa = PBXContainerItemProxy;
			containerPortal = 1E40D3EA1AF2D72A0012BFB4 /* Project object */;
			proxyType = 1;
			remoteGlobalIDString = 1E40D3F11AF2D72A0012BFB4;
			remoteInfo = KeyboardAdjustment;
		};
/* End PBXContainerItemProxy section */

/* Begin PBXFileReference section */
		1E40D3F21AF2D72A0012BFB4 /* KeyboardAdjustment.app */ = {isa = PBXFileReference; explicitFileType = wrapper.application; includeInIndex = 0; path = KeyboardAdjustment.app; sourceTree = BUILT_PRODUCTS_DIR; };
		1E40D3F61AF2D72A0012BFB4 /* Info.plist */ = {isa = PBXFileReference; lastKnownFileType = text.plist.xml; path = Info.plist; sourceTree = "<group>"; };
		1E40D3F71AF2D72A0012BFB4 /* AppDelegate.swift */ = {isa = PBXFileReference; lastKnownFileType = sourcecode.swift; path = AppDelegate.swift; sourceTree = "<group>"; };
		1E40D3F91AF2D72A0012BFB4 /* ViewController.swift */ = {isa = PBXFileReference; lastKnownFileType = sourcecode.swift; path = ViewController.swift; sourceTree = "<group>"; };
		1E40D3FC1AF2D72A0012BFB4 /* Base */ = {isa = PBXFileReference; lastKnownFileType = file.storyboard; name = Base; path = Base.lproj/Main.storyboard; sourceTree = "<group>"; };
		1E40D3FE1AF2D72A0012BFB4 /* Images.xcassets */ = {isa = PBXFileReference; lastKnownFileType = folder.assetcatalog; path = Images.xcassets; sourceTree = "<group>"; };
		1E40D4011AF2D72A0012BFB4 /* Base */ = {isa = PBXFileReference; lastKnownFileType = file.xib; name = Base; path = Base.lproj/LaunchScreen.xib; sourceTree = "<group>"; };
		1E40D4071AF2D72A0012BFB4 /* KeyboardAdjustmentTests.xctest */ = {isa = PBXFileReference; explicitFileType = wrapper.cfbundle; includeInIndex = 0; path = KeyboardAdjustmentTests.xctest; sourceTree = BUILT_PRODUCTS_DIR; };
		1E40D40C1AF2D72A0012BFB4 /* Info.plist */ = {isa = PBXFileReference; lastKnownFileType = text.plist.xml; path = Info.plist; sourceTree = "<group>"; };
		1E40D40D1AF2D72A0012BFB4 /* KeyboardAdjustmentTests.swift */ = {isa = PBXFileReference; lastKnownFileType = sourcecode.swift; path = KeyboardAdjustmentTests.swift; sourceTree = "<group>"; };
/* End PBXFileReference section */

/* Begin PBXFrameworksBuildPhase section */
		1E40D3EF1AF2D72A0012BFB4 /* Frameworks */ = {
			isa = PBXFrameworksBuildPhase;
			buildActionMask = 2147483647;
			files = (
			);
			runOnlyForDeploymentPostprocessing = 0;
		};
		1E40D4041AF2D72A0012BFB4 /* Frameworks */ = {
			isa = PBXFrameworksBuildPhase;
			buildActionMask = 2147483647;
			files = (
			);
			runOnlyForDeploymentPostprocessing = 0;
		};
/* End PBXFrameworksBuildPhase section */

/* Begin PBXGroup section */
		1E40D3E91AF2D72A0012BFB4 = {
			isa = PBXGroup;
			children = (
				1E40D3F41AF2D72A0012BFB4 /* KeyboardAdjustment */,
				1E40D40A1AF2D72A0012BFB4 /* KeyboardAdjustmentTests */,
				1E40D3F31AF2D72A0012BFB4 /* Products */,
			);
			sourceTree = "<group>";
		};
		1E40D3F31AF2D72A0012BFB4 /* Products */ = {
			isa = PBXGroup;
			children = (
				1E40D3F21AF2D72A0012BFB4 /* KeyboardAdjustment.app */,
				1E40D4071AF2D72A0012BFB4 /* KeyboardAdjustmentTests.xctest */,
			);
			name = Products;
			sourceTree = "<group>";
		};
		1E40D3F41AF2D72A0012BFB4 /* KeyboardAdjustment */ = {
			isa = PBXGroup;
			children = (
				1E40D3F71AF2D72A0012BFB4 /* AppDelegate.swift */,
				1E40D3F91AF2D72A0012BFB4 /* ViewController.swift */,
				1E40D3FB1AF2D72A0012BFB4 /* Main.storyboard */,
				1E40D3FE1AF2D72A0012BFB4 /* Images.xcassets */,
				1E40D4001AF2D72A0012BFB4 /* LaunchScreen.xib */,
				1E40D3F51AF2D72A0012BFB4 /* Supporting Files */,
			);
			path = KeyboardAdjustment;
			sourceTree = "<group>";
		};
		1E40D3F51AF2D72A0012BFB4 /* Supporting Files */ = {
			isa = PBXGroup;
			children = (
				1E40D3F61AF2D72A0012BFB4 /* Info.plist */,
			);
			name = "Supporting Files";
			sourceTree = "<group>";
		};
		1E40D40A1AF2D72A0012BFB4 /* KeyboardAdjustmentTests */ = {
			isa = PBXGroup;
			children = (
				1E40D40D1AF2D72A0012BFB4 /* KeyboardAdjustmentTests.swift */,
				1E40D40B1AF2D72A0012BFB4 /* Supporting Files */,
			);
			path = KeyboardAdjustmentTests;
			sourceTree = "<group>";
		};
		1E40D40B1AF2D72A0012BFB4 /* Supporting Files */ = {
			isa = PBXGroup;
			children = (
				1E40D40C1AF2D72A0012BFB4 /* Info.plist */,
			);
			name = "Supporting Files";
			sourceTree = "<group>";
		};
/* End PBXGroup section */

/* Begin PBXNativeTarget section */
		1E40D3F11AF2D72A0012BFB4 /* KeyboardAdjustment */ = {
			isa = PBXNativeTarget;
			buildConfigurationList = 1E40D4111AF2D72A0012BFB4 /* Build configuration list for PBXNativeTarget "KeyboardAdjustment" */;
			buildPhases = (
				1E40D3EE1AF2D72A0012BFB4 /* Sources */,
				1E40D3EF1AF2D72A0012BFB4 /* Frameworks */,
				1E40D3F01AF2D72A0012BFB4 /* Resources */,
			);
			buildRules = (
			);
			dependencies = (
			);
			name = KeyboardAdjustment;
			productName = KeyboardAdjustment;
			productReference = 1E40D3F21AF2D72A0012BFB4 /* KeyboardAdjustment.app */;
			productType = "com.apple.product-type.application";
		};
		1E40D4061AF2D72A0012BFB4 /* KeyboardAdjustmentTests */ = {
			isa = PBXNativeTarget;
			buildConfigurationList = 1E40D4141AF2D72A0012BFB4 /* Build configuration list for PBXNativeTarget "KeyboardAdjustmentTests" */;
			buildPhases = (
				1E40D4031AF2D72A0012BFB4 /* Sources */,
				1E40D4041AF2D72A0012BFB4 /* Frameworks */,
				1E40D4051AF2D72A0012BFB4 /* Resources */,
			);
			buildRules = (
			);
			dependencies = (
				1E40D4091AF2D72A0012BFB4 /* PBXTargetDependency */,
			);
			name = KeyboardAdjustmentTests;
			productName = KeyboardAdjustmentTests;
			productReference = 1E40D4071AF2D72A0012BFB4 /* KeyboardAdjustmentTests.xctest */;
			productType = "com.apple.product-type.bundle.unit-test";
		};
/* End PBXNativeTarget section */

/* Begin PBXProject section */
		1E40D3EA1AF2D72A0012BFB4 /* Project object */ = {
			isa = PBXProject;
			attributes = {
				LastUpgradeCheck = 0630;
				ORGANIZATIONNAME = nmg82;
				TargetAttributes = {
					1E40D3F11AF2D72A0012BFB4 = {
						CreatedOnToolsVersion = 6.3;
					};
					1E40D4061AF2D72A0012BFB4 = {
						CreatedOnToolsVersion = 6.3;
						TestTargetID = 1E40D3F11AF2D72A0012BFB4;
					};
				};
			};
			buildConfigurationList = 1E40D3ED1AF2D72A0012BFB4 /* Build configuration list for PBXProject "KeyboardAdjustment" */;
			compatibilityVersion = "Xcode 3.2";
			developmentRegion = English;
			hasScannedForEncodings = 0;
			knownRegions = (
				en,
				Base,
			);
			mainGroup = 1E40D3E91AF2D72A0012BFB4;
			productRefGroup = 1E40D3F31AF2D72A0012BFB4 /* Products */;
			projectDirPath = "";
			projectRoot = "";
			targets = (
				1E40D3F11AF2D72A0012BFB4 /* KeyboardAdjustment */,
				1E40D4061AF2D72A0012BFB4 /* KeyboardAdjustmentTests */,
			);
		};
/* End PBXProject section */

/* Begin PBXResourcesBuildPhase section */
		1E40D3F01AF2D72A0012BFB4 /* Resources */ = {
			isa = PBXResourcesBuildPhase;
			buildActionMask = 2147483647;
			files = (
				1E40D3FD1AF2D72A0012BFB4 /* Main.storyboard in Resources */,
				1E40D4021AF2D72A0012BFB4 /* LaunchScreen.xib in Resources */,
				1E40D3FF1AF2D72A0012BFB4 /* Images.xcassets in Resources */,
			);
			runOnlyForDeploymentPostprocessing = 0;
		};
		1E40D4051AF2D72A0012BFB4 /* Resources */ = {
			isa = PBXResourcesBuildPhase;
			buildActionMask = 2147483647;
			files = (
			);
			runOnlyForDeploymentPostprocessing = 0;
		};
/* End PBXResourcesBuildPhase section */

/* Begin PBXSourcesBuildPhase section */
		1E40D3EE1AF2D72A0012BFB4 /* Sources */ = {
			isa = PBXSourcesBuildPhase;
			buildActionMask = 2147483647;
			files = (
				1E40D3FA1AF2D72A0012BFB4 /* ViewController.swift in Sources */,
				1E40D3F81AF2D72A0012BFB4 /* AppDelegate.swift in Sources */,
			);
			runOnlyForDeploymentPostprocessing = 0;
		};
		1E40D4031AF2D72A0012BFB4 /* Sources */ = {
			isa = PBXSourcesBuildPhase;
			buildActionMask = 2147483647;
			files = (
				1E40D40E1AF2D72A0012BFB4 /* KeyboardAdjustmentTests.swift in Sources */,
			);
			runOnlyForDeploymentPostprocessing = 0;
		};
/* End PBXSourcesBuildPhase section */

/* Begin PBXTargetDependency section */
		1E40D4091AF2D72A0012BFB4 /* PBXTargetDependency */ = {
			isa = PBXTargetDependency;
			target = 1E40D3F11AF2D72A0012BFB4 /* KeyboardAdjustment */;
			targetProxy = 1E40D4081AF2D72A0012BFB4 /* PBXContainerItemProxy */;
		};
/* End PBXTargetDependency section */

/* Begin PBXVariantGroup section */
		1E40D3FB1AF2D72A0012BFB4 /* Main.storyboard */ = {
			isa = PBXVariantGroup;
			children = (
				1E40D3FC1AF2D72A0012BFB4 /* Base */,
			);
			name = Main.storyboard;
			sourceTree = "<group>";
		};
		1E40D4001AF2D72A0012BFB4 /* LaunchScreen.xib */ = {
			isa = PBXVariantGroup;
			children = (
				1E40D4011AF2D72A0012BFB4 /* Base */,
			);
			name = LaunchScreen.xib;
			sourceTree = "<group>";
		};
/* End PBXVariantGroup section */

/* Begin XCBuildConfiguration section */
		1E40D40F1AF2D72A0012BFB4 /* Debug */ = {
			isa = XCBuildConfiguration;
			buildSettings = {
				ALWAYS_SEARCH_USER_PATHS = NO;
				CLANG_CXX_LANGUAGE_STANDARD = "gnu++0x";
				CLANG_CXX_LIBRARY = "libc++";
				CLANG_ENABLE_MODULES = YES;
				CLANG_ENABLE_OBJC_ARC = YES;
				CLANG_WARN_BOOL_CONVERSION = YES;
				CLANG_WARN_CONSTANT_CONVERSION = YES;
				CLANG_WARN_DIRECT_OBJC_ISA_USAGE = YES_ERROR;
				CLANG_WARN_EMPTY_BODY = YES;
				CLANG_WARN_ENUM_CONVERSION = YES;
				CLANG_WARN_INT_CONVERSION = YES;
				CLANG_WARN_OBJC_ROOT_CLASS = YES_ERROR;
				CLANG_WARN_UNREACHABLE_CODE = YES;
				CLANG_WARN__DUPLICATE_METHOD_MATCH = YES;
				"CODE_SIGN_IDENTITY[sdk=iphoneos*]" = "iPhone Developer";
				COPY_PHASE_STRIP = NO;
				DEBUG_INFORMATION_FORMAT = "dwarf-with-dsym";
				ENABLE_STRICT_OBJC_MSGSEND = YES;
				GCC_C_LANGUAGE_STANDARD = gnu99;
				GCC_DYNAMIC_NO_PIC = NO;
				GCC_NO_COMMON_BLOCKS = YES;
				GCC_OPTIMIZATION_LEVEL = 0;
				GCC_PREPROCESSOR_DEFINITIONS = (
					"DEBUG=1",
					"$(inherited)",
				);
				GCC_SYMBOLS_PRIVATE_EXTERN = NO;
				GCC_WARN_64_TO_32_BIT_CONVERSION = YES;
				GCC_WARN_ABOUT_RETURN_TYPE = YES_ERROR;
				GCC_WARN_UNDECLARED_SELECTOR = YES;
				GCC_WARN_UNINITIALIZED_AUTOS = YES_AGGRESSIVE;
				GCC_WARN_UNUSED_FUNCTION = YES;
				GCC_WARN_UNUSED_VARIABLE = YES;
				IPHONEOS_DEPLOYMENT_TARGET = 8.3;
				MTL_ENABLE_DEBUG_INFO = YES;
				ONLY_ACTIVE_ARCH = YES;
				SDKROOT = iphoneos;
				SWIFT_OPTIMIZATION_LEVEL = "-Onone";
				TARGETED_DEVICE_FAMILY = "1,2";
			};
			name = Debug;
		};
		1E40D4101AF2D72A0012BFB4 /* Release */ = {
			isa = XCBuildConfiguration;
			buildSettings = {
				ALWAYS_SEARCH_USER_PATHS = NO;
				CLANG_CXX_LANGUAGE_STANDARD = "gnu++0x";
				CLANG_CXX_LIBRARY = "libc++";
				CLANG_ENABLE_MODULES = YES;
				CLANG_ENABLE_OBJC_ARC = YES;
				CLANG_WARN_BOOL_CONVERSION = YES;
				CLANG_WARN_CONSTANT_CONVERSION = YES;
				CLANG_WARN_DIRECT_OBJC_ISA_USAGE = YES_ERROR;
				CLANG_WARN_EMPTY_BODY = YES;
				CLANG_WARN_ENUM_CONVERSION = YES;
				CLANG_WARN_INT_CONVERSION = YES;
				CLANG_WARN_OBJC_ROOT_CLASS = YES_ERROR;
				CLANG_WARN_UNREACHABLE_CODE = YES;
				CLANG_WARN__DUPLICATE_METHOD_MATCH = YES;
				"CODE_SIGN_IDENTITY[sdk=iphoneos*]" = "iPhone Developer";
				COPY_PHASE_STRIP = NO;
				DEBUG_INFORMATION_FORMAT = "dwarf-with-dsym";
				ENABLE_NS_ASSERTIONS = NO;
				ENABLE_STRICT_OBJC_MSGSEND = YES;
				GCC_C_LANGUAGE_STANDARD = gnu99;
				GCC_NO_COMMON_BLOCKS = YES;
				GCC_WARN_64_TO_32_BIT_CONVERSION = YES;
				GCC_WARN_ABOUT_RETURN_TYPE = YES_ERROR;
				GCC_WARN_UNDECLARED_SELECTOR = YES;
				GCC_WARN_UNINITIALIZED_AUTOS = YES_AGGRESSIVE;
				GCC_WARN_UNUSED_FUNCTION = YES;
				GCC_WARN_UNUSED_VARIABLE = YES;
				IPHONEOS_DEPLOYMENT_TARGET = 8.3;
				MTL_ENABLE_DEBUG_INFO = NO;
				SDKROOT = iphoneos;
				TARGETED_DEVICE_FAMILY = "1,2";
				VALIDATE_PRODUCT = YES;
			};
			name = Release;
		};
		1E40D4121AF2D72A0012BFB4 /* Debug */ = {
			isa = XCBuildConfiguration;
			buildSettings = {
				ASSETCATALOG_COMPILER_APPICON_NAME = AppIcon;
				INFOPLIST_FILE = KeyboardAdjustment/Info.plist;
				LD_RUNPATH_SEARCH_PATHS = "$(inherited) @executable_path/Frameworks";
				PRODUCT_NAME = "$(TARGET_NAME)";
			};
			name = Debug;
		};
		1E40D4131AF2D72A0012BFB4 /* Release */ = {
			isa = XCBuildConfiguration;
			buildSettings = {
				ASSETCATALOG_COMPILER_APPICON_NAME = AppIcon;
				INFOPLIST_FILE = KeyboardAdjustment/Info.plist;
				LD_RUNPATH_SEARCH_PATHS = "$(inherited) @executable_path/Frameworks";
				PRODUCT_NAME = "$(TARGET_NAME)";
			};
			name = Release;
		};
		1E40D4151AF2D72A0012BFB4 /* Debug */ = {
			isa = XCBuildConfiguration;
			buildSettings = {
				BUNDLE_LOADER = "$(TEST_HOST)";
				FRAMEWORK_SEARCH_PATHS = (
					"$(SDKROOT)/Developer/Library/Frameworks",
					"$(inherited)",
				);
				GCC_PREPROCESSOR_DEFINITIONS = (
					"DEBUG=1",
					"$(inherited)",
				);
				INFOPLIST_FILE = KeyboardAdjustmentTests/Info.plist;
				LD_RUNPATH_SEARCH_PATHS = "$(inherited) @executable_path/Frameworks @loader_path/Frameworks";
				PRODUCT_NAME = "$(TARGET_NAME)";
				TEST_HOST = "$(BUILT_PRODUCTS_DIR)/KeyboardAdjustment.app/KeyboardAdjustment";
			};
			name = Debug;
		};
		1E40D4161AF2D72A0012BFB4 /* Release */ = {
			isa = XCBuildConfiguration;
			buildSettings = {
				BUNDLE_LOADER = "$(TEST_HOST)";
				FRAMEWORK_SEARCH_PATHS = (
					"$(SDKROOT)/Developer/Library/Frameworks",
					"$(inherited)",
				);
				INFOPLIST_FILE = KeyboardAdjustmentTests/Info.plist;
				LD_RUNPATH_SEARCH_PATHS = "$(inherited) @executable_path/Frameworks @loader_path/Frameworks";
				PRODUCT_NAME = "$(TARGET_NAME)";
				TEST_HOST = "$(BUILT_PRODUCTS_DIR)/KeyboardAdjustment.app/KeyboardAdjustment";
			};
			name = Release;
		};
/* End XCBuildConfiguration section */

/* Begin XCConfigurationList section */
		1E40D3ED1AF2D72A0012BFB4 /* Build configuration list for PBXProject "KeyboardAdjustment" */ = {
			isa = XCConfigurationList;
			buildConfigurations = (
				1E40D40F1AF2D72A0012BFB4 /* Debug */,
				1E40D4101AF2D72A0012BFB4 /* Release */,
			);
			defaultConfigurationIsVisible = 0;
			defaultConfigurationName = Release;
		};
		1E40D4111AF2D72A0012BFB4 /* Build configuration list for PBXNativeTarget "KeyboardAdjustment" */ = {
			isa = XCConfigurationList;
			buildConfigurations = (
				1E40D4121AF2D72A0012BFB4 /* Debug */,
				1E40D4131AF2D72A0012BFB4 /* Release */,
			);
			defaultConfigurationIsVisible = 0;
		};
		1E40D4141AF2D72A0012BFB4 /* Build configuration list for PBXNativeTarget "KeyboardAdjustmentTests" */ = {
			isa = XCConfigurationList;
			buildConfigurations = (
				1E40D4151AF2D72A0012BFB4 /* Debug */,
				1E40D4161AF2D72A0012BFB4 /* Release */,
			);
			defaultConfigurationIsVisible = 0;
		};
/* End XCConfigurationList section */
	};
	rootObject = 1E40D3EA1AF2D72A0012BFB4 /* Project object */;
}
